
Microsoft Visual Studio Solution File, Format Version 12.00
# Visual Studio 2017
Project("{FAE04EC0-301F-11D3-BF4B-00C04F79EFBC}") = "Alien Runner", "Alien Runner.csproj", "{F27CA2B2-5BE5-DD5E-50E4-779FD89F3426}"
EndProject
Global
	GlobalSection(SolutionConfigurationPlatforms) = preSolution
		Debug|Any CPU = Debug|Any CPU
		Release|Any CPU = Release|Any CPU
	EndGlobalSection
	GlobalSection(ProjectConfigurationPlatforms) = postSolution
		{F27CA2B2-5BE5-DD5E-50E4-779FD89F3426}.Debug|Any CPU.ActiveCfg = Debug|Any CPU
		{F27CA2B2-5BE5-DD5E-50E4-779FD89F3426}.Debug|Any CPU.Build.0 = Debug|Any CPU
		{F27CA2B2-5BE5-DD5E-50E4-779FD89F3426}.Release|Any CPU.ActiveCfg = Release|Any CPU
		{F27CA2B2-5BE5-DD5E-50E4-779FD89F3426}.Release|Any CPU.Build.0 = Release|Any CPU
	EndGlobalSection
	GlobalSection(SolutionProperties) = preSolution
		HideSolutionNode = FALSE
	EndGlobalSection
EndGlobal
